
Microsoft Visual Studio Solution File, Format Version 12.00
# Visual Studio Version 17
VisualStudioVersion = 17.6.33829.357
MinimumVisualStudioVersion = 10.0.40219.1
Project("{FAE04EC0-301F-11D3-BF4B-00C04F79EFBC}") = "PracCla_Erick_EESA", "PracCla_Erick_EESA.csproj", "{D3483328-D553-4A6D-83E5-B6E7F5AFB83F}"
EndProject
Global
	GlobalSection(SolutionConfigurationPlatforms) = preSolution
		Debug|Any CPU = Debug|Any CPU
		Release|Any CPU = Release|Any CPU
	EndGlobalSection
	GlobalSection(ProjectConfigurationPlatforms) = postSolution
		{D3483328-D553-4A6D-83E5-B6E7F5AFB83F}.Debug|Any CPU.ActiveCfg = Debug|Any CPU
		{D3483328-D553-4A6D-83E5-B6E7F5AFB83F}.Debug|Any CPU.Build.0 = Debug|Any CPU
		{D3483328-D553-4A6D-83E5-B6E7F5AFB83F}.Release|Any CPU.ActiveCfg = Release|Any CPU
		{D3483328-D553-4A6D-83E5-B6E7F5AFB83F}.Release|Any CPU.Build.0 = Release|Any CPU
	EndGlobalSection
	GlobalSection(SolutionProperties) = preSolution
		HideSolutionNode = FALSE
	EndGlobalSection
	GlobalSection(ExtensibilityGlobals) = postSolution
		SolutionGuid = {640F1E75-65D0-48D7-A7C8-F048ACC912FB}
	EndGlobalSection
EndGlobal
